
Microsoft Visual Studio Solution File, Format Version 12.00
Project("{FAE04EC0-301F-11D3-BF4B-00C04F79EFBC}") = "WPFClient", "WPFClient\WPFClient.csproj", "{E2B4435A-C803-466E-91A5-B29DB544F56C}"
EndProject
Project("{FAE04EC0-301F-11D3-BF4B-00C04F79EFBC}") = "Core", "Core\Core.csproj", "{2397C6ED-6418-45AB-A4D0-25C237D981D1}"
EndProject
Project("{2150E333-8FDC-42A3-9474-1A3956D46DE8}") = "Tests", "Tests", "{80A4BCC8-8763-4066-8DED-E45ED2A17008}"
EndProject
Project("{2150E333-8FDC-42A3-9474-1A3956D46DE8}") = "Project", "Project", "{0A43B225-CF5A-47AB-A08A-F50DAA3CD186}"
EndProject
Project("{FAE04EC0-301F-11D3-BF4B-00C04F79EFBC}") = "CoreTests", "CoreTests\CoreTests.csproj", "{85ACCBDD-409E-4D0D-BE20-994CF418A3BC}"
EndProject
Global
	GlobalSection(SolutionConfigurationPlatforms) = preSolution
		Debug|Any CPU = Debug|Any CPU
		Release|Any CPU = Release|Any CPU
	EndGlobalSection
	GlobalSection(ProjectConfigurationPlatforms) = postSolution
		{E2B4435A-C803-466E-91A5-B29DB544F56C}.Debug|Any CPU.ActiveCfg = Debug|Any CPU
		{E2B4435A-C803-466E-91A5-B29DB544F56C}.Debug|Any CPU.Build.0 = Debug|Any CPU
		{E2B4435A-C803-466E-91A5-B29DB544F56C}.Release|Any CPU.ActiveCfg = Release|Any CPU
		{E2B4435A-C803-466E-91A5-B29DB544F56C}.Release|Any CPU.Build.0 = Release|Any CPU
		{2397C6ED-6418-45AB-A4D0-25C237D981D1}.Debug|Any CPU.ActiveCfg = Debug|Any CPU
		{2397C6ED-6418-45AB-A4D0-25C237D981D1}.Debug|Any CPU.Build.0 = Debug|Any CPU
		{2397C6ED-6418-45AB-A4D0-25C237D981D1}.Release|Any CPU.ActiveCfg = Release|Any CPU
		{2397C6ED-6418-45AB-A4D0-25C237D981D1}.Release|Any CPU.Build.0 = Release|Any CPU
		{85ACCBDD-409E-4D0D-BE20-994CF418A3BC}.Debug|Any CPU.ActiveCfg = Debug|Any CPU
		{85ACCBDD-409E-4D0D-BE20-994CF418A3BC}.Debug|Any CPU.Build.0 = Debug|Any CPU
		{85ACCBDD-409E-4D0D-BE20-994CF418A3BC}.Release|Any CPU.ActiveCfg = Release|Any CPU
		{85ACCBDD-409E-4D0D-BE20-994CF418A3BC}.Release|Any CPU.Build.0 = Release|Any CPU
	EndGlobalSection
	GlobalSection(NestedProjects) = preSolution
		{2397C6ED-6418-45AB-A4D0-25C237D981D1} = {0A43B225-CF5A-47AB-A08A-F50DAA3CD186}
		{E2B4435A-C803-466E-91A5-B29DB544F56C} = {0A43B225-CF5A-47AB-A08A-F50DAA3CD186}
		{85ACCBDD-409E-4D0D-BE20-994CF418A3BC} = {80A4BCC8-8763-4066-8DED-E45ED2A17008}
	EndGlobalSection
EndGlobal
